name: Block
description: For domains that you think should be blocked.
title: "[BLOCK] PLEASE REPLACE THIS TEXT WITH A SUMMARY OF YOUR ISSUE..."
labels: ["block"]
assignees:
  - celenity
  - celenityy
body:
  - type: textarea
    id: domains
    attributes:
      label: Which domain(s) should be blocked?
    validations:
      required: true

  - type: textarea
    id: reason
    attributes:
      label: Why should the domain(s) be blocked?
      description: |
        If possible, please name the list versions in which the domain(s) should be blocked.
    validations:
      required: true
