name: Unblock
description: For domain(s) that you think should be unblocked, or that should be added to the Whitelist.
title: "[UNBLOCK] PLEASE REPLACE THIS TEXT WITH A SUMMARY OF YOUR ISSUE..."
labels: ["unblock"]
assignees:
  - celenity
  - celenityy
body:
  - type: dropdown
    id: contentblocker
    attributes:
      label: Which Content Blocker are you using?
      description: |
        If your Content Blocker is not listed, please select `Other` and enter its name in the comment field below.
      multiple: true
      options:
        - AdGuard (Browser extension)
        - AdGuard (Browser extension - Safari)
        - AdGuard Home
        - Pi-hole
        - Brave Shields
        - uBlock Origin
        - Little Snitch
        - Other
    validations:
      required: true
  - type: input
    id: other
    attributes:
      label: Other
    validations:
      required: false

  - type: dropdown
    id: lists
    attributes:
      label: With which list(s) does the problem occur?
      multiple: true
      options:
        - BadBlock Lite
        - BadBlock
        - BadBlock+
        - Block SVG
        - Block WebGL
        - Block WebGPU
        - Block WebRTC
        - Click Tracking/Referral Domains
        - Amazon
        - Annoyances
        - Anti-Monitoring
        - Apple
        - Brave
        - Crap
        - Data Brokers
        - DoH
        - DRM
        - Facebook
        - Find My
        - Gaming
        - Google
        - Huawei
        - LG
        - Matomo
        - Microsoft
        - Mozilla
        - NSA Blocklist - Next Generation
        - NVIDIA
        - Oracle
        - Plausible
        - Radar
        - Samsung
        - Sentry
        - TikTok
        - Twitter
        - Unity
        - Unsafe
        - Xiaomi
        - Yahoo
        - Yandex
        - Combined Whitelist
        - Android Whitelist
        - Apple Whitelist
        - Browser Whitelist
        - CAPTCHA Whitelist
        - Captive Whitelist
        - Certificate Validation Whitelist
        - Content Blocking Whitelist
        - Ethical Whitelist
        - GNU/Linux Whitelist
        - Helpline Whitelist
        - LAN Whitelist
        - Microsoft Whitelist
        - Misc. Whitelist
        - Mobile Whitelist
        - Mozilla Whitelist
        - Push Notifications Whitelist
        - Safe Browsing Whitelist
        - Time Whitelist
    validations:
      required: true

  - type: textarea
    id: domains
    attributes:
      label: Which domain(s) should be unblocked?
    validations:
      required: true

  - type: textarea
    id: reason
    attributes:
      label: Why should the domain(s) be unblocked?
      description: |
        Provide as many details as possible to avoid unnecessary enquiries. If necessary, please describe the steps to reproduce. You can also add screenshots.
    validations:
      required: true
